
Microsoft Visual Studio Solution File, Format Version 12.00
# Visual Studio Version 17
VisualStudioVersion = 17.8.34511.84
MinimumVisualStudioVersion = 10.0.40219.1
Project("{FAE04EC0-301F-11D3-BF4B-00C04F79EFBC}") = "htmlAgi", "htmlAgi\htmlAgi.csproj", "{326A6958-E31F-48C0-851F-F65EF95C14EA}"
EndProject
Project("{2150E333-8FDC-42A3-9474-1A3956D46DE8}") = "Çözüm Öğeleri", "Çözüm Öğeleri", "{4CD0FF1E-5B87-482F-A668-44CE6B82BC54}"
EndProject
Global
	GlobalSection(SolutionConfigurationPlatforms) = preSolution
		Debug|Any CPU = Debug|Any CPU
		Release|Any CPU = Release|Any CPU
	EndGlobalSection
	GlobalSection(ProjectConfigurationPlatforms) = postSolution
		{326A6958-E31F-48C0-851F-F65EF95C14EA}.Debug|Any CPU.ActiveCfg = Debug|Any CPU
		{326A6958-E31F-48C0-851F-F65EF95C14EA}.Debug|Any CPU.Build.0 = Debug|Any CPU
		{326A6958-E31F-48C0-851F-F65EF95C14EA}.Release|Any CPU.ActiveCfg = Release|Any CPU
		{326A6958-E31F-48C0-851F-F65EF95C14EA}.Release|Any CPU.Build.0 = Release|Any CPU
	EndGlobalSection
	GlobalSection(SolutionProperties) = preSolution
		HideSolutionNode = FALSE
	EndGlobalSection
	GlobalSection(ExtensibilityGlobals) = postSolution
		SolutionGuid = {F91DCD9C-71ED-473F-82B5-E5A410AD0F61}
	EndGlobalSection
EndGlobal
